{
  "name": "final-ecomm",
  "version": "1.0.0",
  "lockfileVersion": 3,
  "requires": true,
  "packages": {
    "": {
      "name": "final-ecomm",
      "version": "1.0.0",
      "dependencies": {
        "final-ecomm": "file:"
      }
    },
    "node_modules/final-ecomm": {
      "resolved": "",
      "link": true
    }
  }
}
